// !$*UTF8*$!
{
	archiveVersion = 1;
	classes = {
	};
	objectVersion = 56;
	objects = {

/* Begin PBXBuildFile section */
		14DD7CB728F5618200131EB4 /* AppDelegate.swift in Sources */ = {isa = PBXBuildFile; fileRef = 14DD7CB628F5618200131EB4 /* AppDelegate.swift */; };
		14DD7CB928F5618200131EB4 /* SceneDelegate.swift in Sources */ = {isa = PBXBuildFile; fileRef = 14DD7CB828F5618200131EB4 /* SceneDelegate.swift */; };
		14DD7CBB28F5618200131EB4 /* ViewController.swift in Sources */ = {isa = PBXBuildFile; fileRef = 14DD7CBA28F5618200131EB4 /* ViewController.swift */; };
		14DD7CBE28F5618200131EB4 /* Main.storyboard in Resources */ = {isa = PBXBuildFile; fileRef = 14DD7CBC28F5618200131EB4 /* Main.storyboard */; };
		14DD7CC028F5618200131EB4 /* Assets.xcassets in Resources */ = {isa = PBXBuildFile; fileRef = 14DD7CBF28F5618200131EB4 /* Assets.xcassets */; };
		14DD7CC328F5618200131EB4 /* LaunchScreen.storyboard in Resources */ = {isa = PBXBuildFile; fileRef = 14DD7CC128F5618200131EB4 /* LaunchScreen.storyboard */; };
		14DD7CCE28F5618300131EB4 /* exerciseTests.swift in Sources */ = {isa = PBXBuildFile; fileRef = 14DD7CCD28F5618300131EB4 /* exerciseTests.swift */; };
		14DD7CD828F5618300131EB4 /* exerciseUITests.swift in Sources */ = {isa = PBXBuildFile; fileRef = 14DD7CD728F5618300131EB4 /* exerciseUITests.swift */; };
		14DD7CDA28F5618300131EB4 /* exerciseUITestsLaunchTests.swift in Sources */ = {isa = PBXBuildFile; fileRef = 14DD7CD928F5618300131EB4 /* exerciseUITestsLaunchTests.swift */; };
/* End PBXBuildFile section */

/* Begin PBXContainerItemProxy section */
		14DD7CCA28F5618300131EB4 /* PBXContainerItemProxy */ = {
			isa = PBXContainerItemProxy;
			containerPortal = 14DD7CAB28F5618200131EB4 /* Project object */;
			proxyType = 1;
			remoteGlobalIDString = 14DD7CB228F5618200131EB4;
			remoteInfo = exercise;
		};
		14DD7CD428F5618300131EB4 /* PBXContainerItemProxy */ = {
			isa = PBXContainerItemProxy;
			containerPortal = 14DD7CAB28F5618200131EB4 /* Project object */;
			proxyType = 1;
			remoteGlobalIDString = 14DD7CB228F5618200131EB4;
			remoteInfo = exercise;
		};
/* End PBXContainerItemProxy section */

/* Begin PBXFileReference section */
		14DD7CB328F5618200131EB4 /* exercise.app */ = {isa = PBXFileReference; explicitFileType = wrapper.application; includeInIndex = 0; path = exercise.app; sourceTree = BUILT_PRODUCTS_DIR; };
		14DD7CB628F5618200131EB4 /* AppDelegate.swift */ = {isa = PBXFileReference; lastKnownFileType = sourcecode.swift; path = AppDelegate.swift; sourceTree = "<group>"; };
		14DD7CB828F5618200131EB4 /* SceneDelegate.swift */ = {isa = PBXFileReference; lastKnownFileType = sourcecode.swift; path = SceneDelegate.swift; sourceTree = "<group>"; };
		14DD7CBA28F5618200131EB4 /* ViewController.swift */ = {isa = PBXFileReference; lastKnownFileType = sourcecode.swift; path = ViewController.swift; sourceTree = "<group>"; };
		14DD7CBD28F5618200131EB4 /* Base */ = {isa = PBXFileReference; lastKnownFileType = file.storyboard; name = Base; path = Base.lproj/Main.storyboard; sourceTree = "<group>"; };
		14DD7CBF28F5618200131EB4 /* Assets.xcassets */ = {isa = PBXFileReference; lastKnownFileType = folder.assetcatalog; path = Assets.xcassets; sourceTree = "<group>"; };
		14DD7CC228F5618200131EB4 /* Base */ = {isa = PBXFileReference; lastKnownFileType = file.storyboard; name = Base; path = Base.lproj/LaunchScreen.storyboard; sourceTree = "<group>"; };
		14DD7CC428F5618200131EB4 /* Info.plist */ = {isa = PBXFileReference; lastKnownFileType = text.plist.xml; path = Info.plist; sourceTree = "<group>"; };
		14DD7CC928F5618300131EB4 /* exerciseTests.xctest */ = {isa = PBXFileReference; explicitFileType = wrapper.cfbundle; includeInIndex = 0; path = exerciseTests.xctest; sourceTree = BUILT_PRODUCTS_DIR; };
		14DD7CCD28F5618300131EB4 /* exerciseTests.swift */ = {isa = PBXFileReference; lastKnownFileType = sourcecode.swift; path = exerciseTests.swift; sourceTree = "<group>"; };
		14DD7CD328F5618300131EB4 /* exerciseUITests.xctest */ = {isa = PBXFileReference; explicitFileType = wrapper.cfbundle; includeInIndex = 0; path = exerciseUITests.xctest; sourceTree = BUILT_PRODUCTS_DIR; };
		14DD7CD728F5618300131EB4 /* exerciseUITests.swift */ = {isa = PBXFileReference; lastKnownFileType = sourcecode.swift; path = exerciseUITests.swift; sourceTree = "<group>"; };
		14DD7CD928F5618300131EB4 /* exerciseUITestsLaunchTests.swift */ = {isa = PBXFileReference; lastKnownFileType = sourcecode.swift; path = exerciseUITestsLaunchTests.swift; sourceTree = "<group>"; };
/* End PBXFileReference section */

/* Begin PBXFrameworksBuildPhase section */
		14DD7CB028F5618200131EB4 /* Frameworks */ = {
			isa = PBXFrameworksBuildPhase;
			buildActionMask = 2147483647;
			files = (
			);
			runOnlyForDeploymentPostprocessing = 0;
		};
		14DD7CC628F5618300131EB4 /* Frameworks */ = {
			isa = PBXFrameworksBuildPhase;
			buildActionMask = 2147483647;
			files = (
			);
			runOnlyForDeploymentPostprocessing = 0;
		};
		14DD7CD028F5618300131EB4 /* Frameworks */ = {
			isa = PBXFrameworksBuildPhase;
			buildActionMask = 2147483647;
			files = (
			);
			runOnlyForDeploymentPostprocessing = 0;
		};
/* End PBXFrameworksBuildPhase section */

/* Begin PBXGroup section */
		14DD7CAA28F5618200131EB4 = {
			isa = PBXGroup;
			children = (
				14DD7CB528F5618200131EB4 /* exercise */,
				14DD7CCC28F5618300131EB4 /* exerciseTests */,
				14DD7CD628F5618300131EB4 /* exerciseUITests */,
				14DD7CB428F5618200131EB4 /* Products */,
			);
			sourceTree = "<group>";
		};
		14DD7CB428F5618200131EB4 /* Products */ = {
			isa = PBXGroup;
			children = (
				14DD7CB328F5618200131EB4 /* exercise.app */,
				14DD7CC928F5618300131EB4 /* exerciseTests.xctest */,
				14DD7CD328F5618300131EB4 /* exerciseUITests.xctest */,
			);
			name = Products;
			sourceTree = "<group>";
		};
		14DD7CB528F5618200131EB4 /* exercise */ = {
			isa = PBXGroup;
			children = (
				14DD7CB628F5618200131EB4 /* AppDelegate.swift */,
				14DD7CB828F5618200131EB4 /* SceneDelegate.swift */,
				14DD7CBA28F5618200131EB4 /* ViewController.swift */,
				14DD7CBC28F5618200131EB4 /* Main.storyboard */,
				14DD7CBF28F5618200131EB4 /* Assets.xcassets */,
				14DD7CC128F5618200131EB4 /* LaunchScreen.storyboard */,
				14DD7CC428F5618200131EB4 /* Info.plist */,
			);
			path = exercise;
			sourceTree = "<group>";
		};
		14DD7CCC28F5618300131EB4 /* exerciseTests */ = {
			isa = PBXGroup;
			children = (
				14DD7CCD28F5618300131EB4 /* exerciseTests.swift */,
			);
			path = exerciseTests;
			sourceTree = "<group>";
		};
		14DD7CD628F5618300131EB4 /* exerciseUITests */ = {
			isa = PBXGroup;
			children = (
				14DD7CD728F5618300131EB4 /* exerciseUITests.swift */,
				14DD7CD928F5618300131EB4 /* exerciseUITestsLaunchTests.swift */,
			);
			path = exerciseUITests;
			sourceTree = "<group>";
		};
/* End PBXGroup section */

/* Begin PBXNativeTarget section */
		14DD7CB228F5618200131EB4 /* exercise */ = {
			isa = PBXNativeTarget;
			buildConfigurationList = 14DD7CDD28F5618300131EB4 /* Build configuration list for PBXNativeTarget "exercise" */;
			buildPhases = (
				14DD7CAF28F5618200131EB4 /* Sources */,
				14DD7CB028F5618200131EB4 /* Frameworks */,
				14DD7CB128F5618200131EB4 /* Resources */,
			);
			buildRules = (
			);
			dependencies = (
			);
			name = exercise;
			productName = exercise;
			productReference = 14DD7CB328F5618200131EB4 /* exercise.app */;
			productType = "com.apple.product-type.application";
		};
		14DD7CC828F5618300131EB4 /* exerciseTests */ = {
			isa = PBXNativeTarget;
			buildConfigurationList = 14DD7CE028F5618300131EB4 /* Build configuration list for PBXNativeTarget "exerciseTests" */;
			buildPhases = (
				14DD7CC528F5618300131EB4 /* Sources */,
				14DD7CC628F5618300131EB4 /* Frameworks */,
				14DD7CC728F5618300131EB4 /* Resources */,
			);
			buildRules = (
			);
			dependencies = (
				14DD7CCB28F5618300131EB4 /* PBXTargetDependency */,
			);
			name = exerciseTests;
			productName = exerciseTests;
			productReference = 14DD7CC928F5618300131EB4 /* exerciseTests.xctest */;
			productType = "com.apple.product-type.bundle.unit-test";
		};
		14DD7CD228F5618300131EB4 /* exerciseUITests */ = {
			isa = PBXNativeTarget;
			buildConfigurationList = 14DD7CE328F5618300131EB4 /* Build configuration list for PBXNativeTarget "exerciseUITests" */;
			buildPhases = (
				14DD7CCF28F5618300131EB4 /* Sources */,
				14DD7CD028F5618300131EB4 /* Frameworks */,
				14DD7CD128F5618300131EB4 /* Resources */,
			);
			buildRules = (
			);
			dependencies = (
				14DD7CD528F5618300131EB4 /* PBXTargetDependency */,
			);
			name = exerciseUITests;
			productName = exerciseUITests;
			productReference = 14DD7CD328F5618300131EB4 /* exerciseUITests.xctest */;
			productType = "com.apple.product-type.bundle.ui-testing";
		};
/* End PBXNativeTarget section */

/* Begin PBXProject section */
		14DD7CAB28F5618200131EB4 /* Project object */ = {
			isa = PBXProject;
			attributes = {
				BuildIndependentTargetsInParallel = 1;
				LastSwiftUpdateCheck = 1400;
				LastUpgradeCheck = 1400;
				TargetAttributes = {
					14DD7CB228F5618200131EB4 = {
						CreatedOnToolsVersion = 14.0.1;
					};
					14DD7CC828F5618300131EB4 = {
						CreatedOnToolsVersion = 14.0.1;
						TestTargetID = 14DD7CB228F5618200131EB4;
					};
					14DD7CD228F5618300131EB4 = {
						CreatedOnToolsVersion = 14.0.1;
						TestTargetID = 14DD7CB228F5618200131EB4;
					};
				};
			};
			buildConfigurationList = 14DD7CAE28F5618200131EB4 /* Build configuration list for PBXProject "exercise" */;
			compatibilityVersion = "Xcode 14.0";
			developmentRegion = en;
			hasScannedForEncodings = 0;
			knownRegions = (
				en,
				Base,
			);
			mainGroup = 14DD7CAA28F5618200131EB4;
			productRefGroup = 14DD7CB428F5618200131EB4 /* Products */;
			projectDirPath = "";
			projectRoot = "";
			targets = (
				14DD7CB228F5618200131EB4 /* exercise */,
				14DD7CC828F5618300131EB4 /* exerciseTests */,
				14DD7CD228F5618300131EB4 /* exerciseUITests */,
			);
		};
/* End PBXProject section */

/* Begin PBXResourcesBuildPhase section */
		14DD7CB128F5618200131EB4 /* Resources */ = {
			isa = PBXResourcesBuildPhase;
			buildActionMask = 2147483647;
			files = (
				14DD7CC328F5618200131EB4 /* LaunchScreen.storyboard in Resources */,
				14DD7CC028F5618200131EB4 /* Assets.xcassets in Resources */,
				14DD7CBE28F5618200131EB4 /* Main.storyboard in Resources */,
			);
			runOnlyForDeploymentPostprocessing = 0;
		};
		14DD7CC728F5618300131EB4 /* Resources */ = {
			isa = PBXResourcesBuildPhase;
			buildActionMask = 2147483647;
			files = (
			);
			runOnlyForDeploymentPostprocessing = 0;
		};
		14DD7CD128F5618300131EB4 /* Resources */ = {
			isa = PBXResourcesBuildPhase;
			buildActionMask = 2147483647;
			files = (
			);
			runOnlyForDeploymentPostprocessing = 0;
		};
/* End PBXResourcesBuildPhase section */

/* Begin PBXSourcesBuildPhase section */
		14DD7CAF28F5618200131EB4 /* Sources */ = {
			isa = PBXSourcesBuildPhase;
			buildActionMask = 2147483647;
			files = (
				14DD7CBB28F5618200131EB4 /* ViewController.swift in Sources */,
				14DD7CB728F5618200131EB4 /* AppDelegate.swift in Sources */,
				14DD7CB928F5618200131EB4 /* SceneDelegate.swift in Sources */,
			);
			runOnlyForDeploymentPostprocessing = 0;
		};
		14DD7CC528F5618300131EB4 /* Sources */ = {
			isa = PBXSourcesBuildPhase;
			buildActionMask = 2147483647;
			files = (
				14DD7CCE28F5618300131EB4 /* exerciseTests.swift in Sources */,
			);
			runOnlyForDeploymentPostprocessing = 0;
		};
		14DD7CCF28F5618300131EB4 /* Sources */ = {
			isa = PBXSourcesBuildPhase;
			buildActionMask = 2147483647;
			files = (
				14DD7CDA28F5618300131EB4 /* exerciseUITestsLaunchTests.swift in Sources */,
				14DD7CD828F5618300131EB4 /* exerciseUITests.swift in Sources */,
			);
			runOnlyForDeploymentPostprocessing = 0;
		};
/* End PBXSourcesBuildPhase section */

/* Begin PBXTargetDependency section */
		14DD7CCB28F5618300131EB4 /* PBXTargetDependency */ = {
			isa = PBXTargetDependency;
			target = 14DD7CB228F5618200131EB4 /* exercise */;
			targetProxy = 14DD7CCA28F5618300131EB4 /* PBXContainerItemProxy */;
		};
		14DD7CD528F5618300131EB4 /* PBXTargetDependency */ = {
			isa = PBXTargetDependency;
			target = 14DD7CB228F5618200131EB4 /* exercise */;
			targetProxy = 14DD7CD428F5618300131EB4 /* PBXContainerItemProxy */;
		};
/* End PBXTargetDependency section */

/* Begin PBXVariantGroup section */
		14DD7CBC28F5618200131EB4 /* Main.storyboard */ = {
			isa = PBXVariantGroup;
			children = (
				14DD7CBD28F5618200131EB4 /* Base */,
			);
			name = Main.storyboard;
			sourceTree = "<group>";
		};
		14DD7CC128F5618200131EB4 /* LaunchScreen.storyboard */ = {
			isa = PBXVariantGroup;
			children = (
				14DD7CC228F5618200131EB4 /* Base */,
			);
			name = LaunchScreen.storyboard;
			sourceTree = "<group>";
		};
/* End PBXVariantGroup section */

/* Begin XCBuildConfiguration section */
		14DD7CDB28F5618300131EB4 /* Debug */ = {
			isa = XCBuildConfiguration;
			buildSettings = {
				ALWAYS_SEARCH_USER_PATHS = NO;
				CLANG_ANALYZER_NONNULL = YES;
				CLANG_ANALYZER_NUMBER_OBJECT_CONVERSION = YES_AGGRESSIVE;
				CLANG_CXX_LANGUAGE_STANDARD = "gnu++20";
				CLANG_ENABLE_MODULES = YES;
				CLANG_ENABLE_OBJC_ARC = YES;
				CLANG_ENABLE_OBJC_WEAK = YES;
				CLANG_WARN_BLOCK_CAPTURE_AUTORELEASING = YES;
				CLANG_WARN_BOOL_CONVERSION = YES;
				CLANG_WARN_COMMA = YES;
				CLANG_WARN_CONSTANT_CONVERSION = YES;
				CLANG_WARN_DEPRECATED_OBJC_IMPLEMENTATIONS = YES;
				CLANG_WARN_DIRECT_OBJC_ISA_USAGE = YES_ERROR;
				CLANG_WARN_DOCUMENTATION_COMMENTS = YES;
				CLANG_WARN_EMPTY_BODY = YES;
				CLANG_WARN_ENUM_CONVERSION = YES;
				CLANG_WARN_INFINITE_RECURSION = YES;
				CLANG_WARN_INT_CONVERSION = YES;
				CLANG_WARN_NON_LITERAL_NULL_CONVERSION = YES;
				CLANG_WARN_OBJC_IMPLICIT_RETAIN_SELF = YES;
				CLANG_WARN_OBJC_LITERAL_CONVERSION = YES;
				CLANG_WARN_OBJC_ROOT_CLASS = YES_ERROR;
				CLANG_WARN_QUOTED_INCLUDE_IN_FRAMEWORK_HEADER = YES;
				CLANG_WARN_RANGE_LOOP_ANALYSIS = YES;
				CLANG_WARN_STRICT_PROTOTYPES = YES;
				CLANG_WARN_SUSPICIOUS_MOVE = YES;
				CLANG_WARN_UNGUARDED_AVAILABILITY = YES_AGGRESSIVE;
				CLANG_WARN_UNREACHABLE_CODE = YES;
				CLANG_WARN__DUPLICATE_METHOD_MATCH = YES;
				COPY_PHASE_STRIP = NO;
				DEBUG_INFORMATION_FORMAT = dwarf;
				ENABLE_STRICT_OBJC_MSGSEND = YES;
				ENABLE_TESTABILITY = YES;
				GCC_C_LANGUAGE_STANDARD = gnu11;
				GCC_DYNAMIC_NO_PIC = NO;
				GCC_NO_COMMON_BLOCKS = YES;
				GCC_OPTIMIZATION_LEVEL = 0;
				GCC_PREPROCESSOR_DEFINITIONS = (
					"DEBUG=1",
					"$(inherited)",
				);
				GCC_WARN_64_TO_32_BIT_CONVERSION = YES;
				GCC_WARN_ABOUT_RETURN_TYPE = YES_ERROR;
				GCC_WARN_UNDECLARED_SELECTOR = YES;
				GCC_WARN_UNINITIALIZED_AUTOS = YES_AGGRESSIVE;
				GCC_WARN_UNUSED_FUNCTION = YES;
				GCC_WARN_UNUSED_VARIABLE = YES;
				IPHONEOS_DEPLOYMENT_TARGET = 16.0;
				MTL_ENABLE_DEBUG_INFO = INCLUDE_SOURCE;
				MTL_FAST_MATH = YES;
				ONLY_ACTIVE_ARCH = YES;
				SDKROOT = iphoneos;
				SWIFT_ACTIVE_COMPILATION_CONDITIONS = DEBUG;
				SWIFT_OPTIMIZATION_LEVEL = "-Onone";
			};
			name = Debug;
		};
		14DD7CDC28F5618300131EB4 /* Release */ = {
			isa = XCBuildConfiguration;
			buildSettings = {
				ALWAYS_SEARCH_USER_PATHS = NO;
				CLANG_ANALYZER_NONNULL = YES;
				CLANG_ANALYZER_NUMBER_OBJECT_CONVERSION = YES_AGGRESSIVE;
				CLANG_CXX_LANGUAGE_STANDARD = "gnu++20";
				CLANG_ENABLE_MODULES = YES;
				CLANG_ENABLE_OBJC_ARC = YES;
				CLANG_ENABLE_OBJC_WEAK = YES;
				CLANG_WARN_BLOCK_CAPTURE_AUTORELEASING = YES;
				CLANG_WARN_BOOL_CONVERSION = YES;
				CLANG_WARN_COMMA = YES;
				CLANG_WARN_CONSTANT_CONVERSION = YES;
				CLANG_WARN_DEPRECATED_OBJC_IMPLEMENTATIONS = YES;
				CLANG_WARN_DIRECT_OBJC_ISA_USAGE = YES_ERROR;
				CLANG_WARN_DOCUMENTATION_COMMENTS = YES;
				CLANG_WARN_EMPTY_BODY = YES;
				CLANG_WARN_ENUM_CONVERSION = YES;
				CLANG_WARN_INFINITE_RECURSION = YES;
				CLANG_WARN_INT_CONVERSION = YES;
				CLANG_WARN_NON_LITERAL_NULL_CONVERSION = YES;
				CLANG_WARN_OBJC_IMPLICIT_RETAIN_SELF = YES;
				CLANG_WARN_OBJC_LITERAL_CONVERSION = YES;
				CLANG_WARN_OBJC_ROOT_CLASS = YES_ERROR;
				CLANG_WARN_QUOTED_INCLUDE_IN_FRAMEWORK_HEADER = YES;
				CLANG_WARN_RANGE_LOOP_ANALYSIS = YES;
				CLANG_WARN_STRICT_PROTOTYPES = YES;
				CLANG_WARN_SUSPICIOUS_MOVE = YES;
				CLANG_WARN_UNGUARDED_AVAILABILITY = YES_AGGRESSIVE;
				CLANG_WARN_UNREACHABLE_CODE = YES;
				CLANG_WARN__DUPLICATE_METHOD_MATCH = YES;
				COPY_PHASE_STRIP = NO;
				DEBUG_INFORMATION_FORMAT = "dwarf-with-dsym";
				ENABLE_NS_ASSERTIONS = NO;
				ENABLE_STRICT_OBJC_MSGSEND = YES;
				GCC_C_LANGUAGE_STANDARD = gnu11;
				GCC_NO_COMMON_BLOCKS = YES;
				GCC_WARN_64_TO_32_BIT_CONVERSION = YES;
				GCC_WARN_ABOUT_RETURN_TYPE = YES_ERROR;
				GCC_WARN_UNDECLARED_SELECTOR = YES;
				GCC_WARN_UNINITIALIZED_AUTOS = YES_AGGRESSIVE;
				GCC_WARN_UNUSED_FUNCTION = YES;
				GCC_WARN_UNUSED_VARIABLE = YES;
				IPHONEOS_DEPLOYMENT_TARGET = 16.0;
				MTL_ENABLE_DEBUG_INFO = NO;
				MTL_FAST_MATH = YES;
				SDKROOT = iphoneos;
				SWIFT_COMPILATION_MODE = wholemodule;
				SWIFT_OPTIMIZATION_LEVEL = "-O";
				VALIDATE_PRODUCT = YES;
			};
			name = Release;
		};
		14DD7CDE28F5618300131EB4 /* Debug */ = {
			isa = XCBuildConfiguration;
			buildSettings = {
				ASSETCATALOG_COMPILER_APPICON_NAME = AppIcon;
				ASSETCATALOG_COMPILER_GLOBAL_ACCENT_COLOR_NAME = AccentColor;
				CODE_SIGN_STYLE = Automatic;
				CURRENT_PROJECT_VERSION = 1;
				GENERATE_INFOPLIST_FILE = YES;
				INFOPLIST_FILE = exercise/Info.plist;
				INFOPLIST_KEY_UIApplicationSupportsIndirectInputEvents = YES;
				INFOPLIST_KEY_UILaunchStoryboardName = LaunchScreen;
				INFOPLIST_KEY_UIMainStoryboardFile = Main;
				INFOPLIST_KEY_UISupportedInterfaceOrientations_iPad = "UIInterfaceOrientationPortrait UIInterfaceOrientationPortraitUpsideDown UIInterfaceOrientationLandscapeLeft UIInterfaceOrientationLandscapeRight";
				INFOPLIST_KEY_UISupportedInterfaceOrientations_iPhone = "UIInterfaceOrientationPortrait UIInterfaceOrientationLandscapeLeft UIInterfaceOrientationLandscapeRight";
				LD_RUNPATH_SEARCH_PATHS = (
					"$(inherited)",
					"@executable_path/Frameworks",
				);
				MARKETING_VERSION = 1.0;
				PRODUCT_BUNDLE_IDENTIFIER = yammi.exercise;
				PRODUCT_NAME = "$(TARGET_NAME)";
				SWIFT_EMIT_LOC_STRINGS = YES;
				SWIFT_VERSION = 5.0;
				TARGETED_DEVICE_FAMILY = "1,2";
			};
			name = Debug;
		};
		14DD7CDF28F5618300131EB4 /* Release */ = {
			isa = XCBuildConfiguration;
			buildSettings = {
				ASSETCATALOG_COMPILER_APPICON_NAME = AppIcon;
				ASSETCATALOG_COMPILER_GLOBAL_ACCENT_COLOR_NAME = AccentColor;
				CODE_SIGN_STYLE = Automatic;
				CURRENT_PROJECT_VERSION = 1;
				GENERATE_INFOPLIST_FILE = YES;
				INFOPLIST_FILE = exercise/Info.plist;
				INFOPLIST_KEY_UIApplicationSupportsIndirectInputEvents = YES;
				INFOPLIST_KEY_UILaunchStoryboardName = LaunchScreen;
				INFOPLIST_KEY_UIMainStoryboardFile = Main;
				INFOPLIST_KEY_UISupportedInterfaceOrientations_iPad = "UIInterfaceOrientationPortrait UIInterfaceOrientationPortraitUpsideDown UIInterfaceOrientationLandscapeLeft UIInterfaceOrientationLandscapeRight";
				INFOPLIST_KEY_UISupportedInterfaceOrientations_iPhone = "UIInterfaceOrientationPortrait UIInterfaceOrientationLandscapeLeft UIInterfaceOrientationLandscapeRight";
				LD_RUNPATH_SEARCH_PATHS = (
					"$(inherited)",
					"@executable_path/Frameworks",
				);
				MARKETING_VERSION = 1.0;
				PRODUCT_BUNDLE_IDENTIFIER = yammi.exercise;
				PRODUCT_NAME = "$(TARGET_NAME)";
				SWIFT_EMIT_LOC_STRINGS = YES;
				SWIFT_VERSION = 5.0;
				TARGETED_DEVICE_FAMILY = "1,2";
			};
			name = Release;
		};
		14DD7CE128F5618300131EB4 /* Debug */ = {
			isa = XCBuildConfiguration;
			buildSettings = {
				ALWAYS_EMBED_SWIFT_STANDARD_LIBRARIES = YES;
				BUNDLE_LOADER = "$(TEST_HOST)";
				CODE_SIGN_STYLE = Automatic;
				CURRENT_PROJECT_VERSION = 1;
				GENERATE_INFOPLIST_FILE = YES;
				IPHONEOS_DEPLOYMENT_TARGET = 16.0;
				MARKETING_VERSION = 1.0;
				PRODUCT_BUNDLE_IDENTIFIER = yammi.exerciseTests;
				PRODUCT_NAME = "$(TARGET_NAME)";
				SWIFT_EMIT_LOC_STRINGS = NO;
				SWIFT_VERSION = 5.0;
				TARGETED_DEVICE_FAMILY = "1,2";
				TEST_HOST = "$(BUILT_PRODUCTS_DIR)/exercise.app/$(BUNDLE_EXECUTABLE_FOLDER_PATH)/exercise";
			};
			name = Debug;
		};
		14DD7CE228F5618300131EB4 /* Release */ = {
			isa = XCBuildConfiguration;
			buildSettings = {
				ALWAYS_EMBED_SWIFT_STANDARD_LIBRARIES = YES;
				BUNDLE_LOADER = "$(TEST_HOST)";
				CODE_SIGN_STYLE = Automatic;
				CURRENT_PROJECT_VERSION = 1;
				GENERATE_INFOPLIST_FILE = YES;
				IPHONEOS_DEPLOYMENT_TARGET = 16.0;
				MARKETING_VERSION = 1.0;
				PRODUCT_BUNDLE_IDENTIFIER = yammi.exerciseTests;
				PRODUCT_NAME = "$(TARGET_NAME)";
				SWIFT_EMIT_LOC_STRINGS = NO;
				SWIFT_VERSION = 5.0;
				TARGETED_DEVICE_FAMILY = "1,2";
				TEST_HOST = "$(BUILT_PRODUCTS_DIR)/exercise.app/$(BUNDLE_EXECUTABLE_FOLDER_PATH)/exercise";
			};
			name = Release;
		};
		14DD7CE428F5618300131EB4 /* Debug */ = {
			isa = XCBuildConfiguration;
			buildSettings = {
				ALWAYS_EMBED_SWIFT_STANDARD_LIBRARIES = YES;
				CODE_SIGN_STYLE = Automatic;
				CURRENT_PROJECT_VERSION = 1;
				GENERATE_INFOPLIST_FILE = YES;
				MARKETING_VERSION = 1.0;
				PRODUCT_BUNDLE_IDENTIFIER = yammi.exerciseUITests;
				PRODUCT_NAME = "$(TARGET_NAME)";
				SWIFT_EMIT_LOC_STRINGS = NO;
				SWIFT_VERSION = 5.0;
				TARGETED_DEVICE_FAMILY = "1,2";
				TEST_TARGET_NAME = exercise;
			};
			name = Debug;
		};
		14DD7CE528F5618300131EB4 /* Release */ = {
			isa = XCBuildConfiguration;
			buildSettings = {
				ALWAYS_EMBED_SWIFT_STANDARD_LIBRARIES = YES;
				CODE_SIGN_STYLE = Automatic;
				CURRENT_PROJECT_VERSION = 1;
				GENERATE_INFOPLIST_FILE = YES;
				MARKETING_VERSION = 1.0;
				PRODUCT_BUNDLE_IDENTIFIER = yammi.exerciseUITests;
				PRODUCT_NAME = "$(TARGET_NAME)";
				SWIFT_EMIT_LOC_STRINGS = NO;
				SWIFT_VERSION = 5.0;
				TARGETED_DEVICE_FAMILY = "1,2";
				TEST_TARGET_NAME = exercise;
			};
			name = Release;
		};
/* End XCBuildConfiguration section */

/* Begin XCConfigurationList section */
		14DD7CAE28F5618200131EB4 /* Build configuration list for PBXProject "exercise" */ = {
			isa = XCConfigurationList;
			buildConfigurations = (
				14DD7CDB28F5618300131EB4 /* Debug */,
				14DD7CDC28F5618300131EB4 /* Release */,
			);
			defaultConfigurationIsVisible = 0;
			defaultConfigurationName = Release;
		};
		14DD7CDD28F5618300131EB4 /* Build configuration list for PBXNativeTarget "exercise" */ = {
			isa = XCConfigurationList;
			buildConfigurations = (
				14DD7CDE28F5618300131EB4 /* Debug */,
				14DD7CDF28F5618300131EB4 /* Release */,
			);
			defaultConfigurationIsVisible = 0;
			defaultConfigurationName = Release;
		};
		14DD7CE028F5618300131EB4 /* Build configuration list for PBXNativeTarget "exerciseTests" */ = {
			isa = XCConfigurationList;
			buildConfigurations = (
				14DD7CE128F5618300131EB4 /* Debug */,
				14DD7CE228F5618300131EB4 /* Release */,
			);
			defaultConfigurationIsVisible = 0;
			defaultConfigurationName = Release;
		};
		14DD7CE328F5618300131EB4 /* Build configuration list for PBXNativeTarget "exerciseUITests" */ = {
			isa = XCConfigurationList;
			buildConfigurations = (
				14DD7CE428F5618300131EB4 /* Debug */,
				14DD7CE528F5618300131EB4 /* Release */,
			);
			defaultConfigurationIsVisible = 0;
			defaultConfigurationName = Release;
		};
/* End XCConfigurationList section */
	};
	rootObject = 14DD7CAB28F5618200131EB4 /* Project object */;
}
